// !$*UTF8*$!
{
	archiveVersion = 1;
	classes = {
	};
	objectVersion = 56;
	objects = {

/* Begin PBXBuildFile section */
		0837F0172B9D86A000CE0BDB /* SUNNYApp.swift in Sources */ = {isa = PBXBuildFile; fileRef = 0837F0162B9D86A000CE0BDB /* SUNNYApp.swift */; };
		0837F0192B9D86A000CE0BDB /* ContentView.swift in Sources */ = {isa = PBXBuildFile; fileRef = 0837F0182B9D86A000CE0BDB /* ContentView.swift */; };
		0837F01B2B9D86A300CE0BDB /* Assets.xcassets in Resources */ = {isa = PBXBuildFile; fileRef = 0837F01A2B9D86A300CE0BDB /* Assets.xcassets */; };
		0837F01E2B9D86A300CE0BDB /* Preview Assets.xcassets in Resources */ = {isa = PBXBuildFile; fileRef = 0837F01D2B9D86A300CE0BDB /* Preview Assets.xcassets */; };
		0837F0282B9D86A300CE0BDB /* SUNNYTests.swift in Sources */ = {isa = PBXBuildFile; fileRef = 0837F0272B9D86A300CE0BDB /* SUNNYTests.swift */; };
		0837F0322B9D86A300CE0BDB /* SUNNYUITests.swift in Sources */ = {isa = PBXBuildFile; fileRef = 0837F0312B9D86A300CE0BDB /* SUNNYUITests.swift */; };
		0837F0342B9D86A300CE0BDB /* SUNNYUITestsLaunchTests.swift in Sources */ = {isa = PBXBuildFile; fileRef = 0837F0332B9D86A300CE0BDB /* SUNNYUITestsLaunchTests.swift */; };
/* End PBXBuildFile section */

/* Begin PBXContainerItemProxy section */
		0837F0242B9D86A300CE0BDB /* PBXContainerItemProxy */ = {
			isa = PBXContainerItemProxy;
			containerPortal = 0837F00B2B9D86A000CE0BDB /* Project object */;
			proxyType = 1;
			remoteGlobalIDString = 0837F0122B9D86A000CE0BDB;
			remoteInfo = SUNNY;
		};
		0837F02E2B9D86A300CE0BDB /* PBXContainerItemProxy */ = {
			isa = PBXContainerItemProxy;
			containerPortal = 0837F00B2B9D86A000CE0BDB /* Project object */;
			proxyType = 1;
			remoteGlobalIDString = 0837F0122B9D86A000CE0BDB;
			remoteInfo = SUNNY;
		};
/* End PBXContainerItemProxy section */

/* Begin PBXFileReference section */
		0837F0132B9D86A000CE0BDB /* SUNNY.app */ = {isa = PBXFileReference; explicitFileType = wrapper.application; includeInIndex = 0; path = SUNNY.app; sourceTree = BUILT_PRODUCTS_DIR; };
		0837F0162B9D86A000CE0BDB /* SUNNYApp.swift */ = {isa = PBXFileReference; lastKnownFileType = sourcecode.swift; path = SUNNYApp.swift; sourceTree = "<group>"; };
		0837F0182B9D86A000CE0BDB /* ContentView.swift */ = {isa = PBXFileReference; lastKnownFileType = sourcecode.swift; path = ContentView.swift; sourceTree = "<group>"; };
		0837F01A2B9D86A300CE0BDB /* Assets.xcassets */ = {isa = PBXFileReference; lastKnownFileType = folder.assetcatalog; path = Assets.xcassets; sourceTree = "<group>"; };
		0837F01D2B9D86A300CE0BDB /* Preview Assets.xcassets */ = {isa = PBXFileReference; lastKnownFileType = folder.assetcatalog; path = "Preview Assets.xcassets"; sourceTree = "<group>"; };
		0837F0232B9D86A300CE0BDB /* SUNNYTests.xctest */ = {isa = PBXFileReference; explicitFileType = wrapper.cfbundle; includeInIndex = 0; path = SUNNYTests.xctest; sourceTree = BUILT_PRODUCTS_DIR; };
		0837F0272B9D86A300CE0BDB /* SUNNYTests.swift */ = {isa = PBXFileReference; lastKnownFileType = sourcecode.swift; path = SUNNYTests.swift; sourceTree = "<group>"; };
		0837F02D2B9D86A300CE0BDB /* SUNNYUITests.xctest */ = {isa = PBXFileReference; explicitFileType = wrapper.cfbundle; includeInIndex = 0; path = SUNNYUITests.xctest; sourceTree = BUILT_PRODUCTS_DIR; };
		0837F0312B9D86A300CE0BDB /* SUNNYUITests.swift */ = {isa = PBXFileReference; lastKnownFileType = sourcecode.swift; path = SUNNYUITests.swift; sourceTree = "<group>"; };
		0837F0332B9D86A300CE0BDB /* SUNNYUITestsLaunchTests.swift */ = {isa = PBXFileReference; lastKnownFileType = sourcecode.swift; path = SUNNYUITestsLaunchTests.swift; sourceTree = "<group>"; };
/* End PBXFileReference section */

/* Begin PBXFrameworksBuildPhase section */
		0837F0102B9D86A000CE0BDB /* Frameworks */ = {
			isa = PBXFrameworksBuildPhase;
			buildActionMask = 2147483647;
			files = (
			);
			runOnlyForDeploymentPostprocessing = 0;
		};
		0837F0202B9D86A300CE0BDB /* Frameworks */ = {
			isa = PBXFrameworksBuildPhase;
			buildActionMask = 2147483647;
			files = (
			);
			runOnlyForDeploymentPostprocessing = 0;
		};
		0837F02A2B9D86A300CE0BDB /* Frameworks */ = {
			isa = PBXFrameworksBuildPhase;
			buildActionMask = 2147483647;
			files = (
			);
			runOnlyForDeploymentPostprocessing = 0;
		};
/* End PBXFrameworksBuildPhase section */

/* Begin PBXGroup section */
		0837F00A2B9D86A000CE0BDB = {
			isa = PBXGroup;
			children = (
				0837F0152B9D86A000CE0BDB /* SUNNY */,
				0837F0262B9D86A300CE0BDB /* SUNNYTests */,
				0837F0302B9D86A300CE0BDB /* SUNNYUITests */,
				0837F0142B9D86A000CE0BDB /* Products */,
			);
			sourceTree = "<group>";
		};
		0837F0142B9D86A000CE0BDB /* Products */ = {
			isa = PBXGroup;
			children = (
				0837F0132B9D86A000CE0BDB /* SUNNY.app */,
				0837F0232B9D86A300CE0BDB /* SUNNYTests.xctest */,
				0837F02D2B9D86A300CE0BDB /* SUNNYUITests.xctest */,
			);
			name = Products;
			sourceTree = "<group>";
		};
		0837F0152B9D86A000CE0BDB /* SUNNY */ = {
			isa = PBXGroup;
			children = (
				0837F0162B9D86A000CE0BDB /* SUNNYApp.swift */,
				0837F0182B9D86A000CE0BDB /* ContentView.swift */,
				0837F01A2B9D86A300CE0BDB /* Assets.xcassets */,
				0837F01C2B9D86A300CE0BDB /* Preview Content */,
			);
			path = SUNNY;
			sourceTree = "<group>";
		};
		0837F01C2B9D86A300CE0BDB /* Preview Content */ = {
			isa = PBXGroup;
			children = (
				0837F01D2B9D86A300CE0BDB /* Preview Assets.xcassets */,
			);
			path = "Preview Content";
			sourceTree = "<group>";
		};
		0837F0262B9D86A300CE0BDB /* SUNNYTests */ = {
			isa = PBXGroup;
			children = (
				0837F0272B9D86A300CE0BDB /* SUNNYTests.swift */,
			);
			path = SUNNYTests;
			sourceTree = "<group>";
		};
		0837F0302B9D86A300CE0BDB /* SUNNYUITests */ = {
			isa = PBXGroup;
			children = (
				0837F0312B9D86A300CE0BDB /* SUNNYUITests.swift */,
				0837F0332B9D86A300CE0BDB /* SUNNYUITestsLaunchTests.swift */,
			);
			path = SUNNYUITests;
			sourceTree = "<group>";
		};
/* End PBXGroup section */

/* Begin PBXNativeTarget section */
		0837F0122B9D86A000CE0BDB /* SUNNY */ = {
			isa = PBXNativeTarget;
			buildConfigurationList = 0837F0372B9D86A300CE0BDB /* Build configuration list for PBXNativeTarget "SUNNY" */;
			buildPhases = (
				0837F00F2B9D86A000CE0BDB /* Sources */,
				0837F0102B9D86A000CE0BDB /* Frameworks */,
				0837F0112B9D86A000CE0BDB /* Resources */,
			);
			buildRules = (
			);
			dependencies = (
			);
			name = SUNNY;
			productName = SUNNY;
			productReference = 0837F0132B9D86A000CE0BDB /* SUNNY.app */;
			productType = "com.apple.product-type.application";
		};
		0837F0222B9D86A300CE0BDB /* SUNNYTests */ = {
			isa = PBXNativeTarget;
			buildConfigurationList = 0837F03A2B9D86A300CE0BDB /* Build configuration list for PBXNativeTarget "SUNNYTests" */;
			buildPhases = (
				0837F01F2B9D86A300CE0BDB /* Sources */,
				0837F0202B9D86A300CE0BDB /* Frameworks */,
				0837F0212B9D86A300CE0BDB /* Resources */,
			);
			buildRules = (
			);
			dependencies = (
				0837F0252B9D86A300CE0BDB /* PBXTargetDependency */,
			);
			name = SUNNYTests;
			productName = SUNNYTests;
			productReference = 0837F0232B9D86A300CE0BDB /* SUNNYTests.xctest */;
			productType = "com.apple.product-type.bundle.unit-test";
		};
		0837F02C2B9D86A300CE0BDB /* SUNNYUITests */ = {
			isa = PBXNativeTarget;
			buildConfigurationList = 0837F03D2B9D86A300CE0BDB /* Build configuration list for PBXNativeTarget "SUNNYUITests" */;
			buildPhases = (
				0837F0292B9D86A300CE0BDB /* Sources */,
				0837F02A2B9D86A300CE0BDB /* Frameworks */,
				0837F02B2B9D86A300CE0BDB /* Resources */,
			);
			buildRules = (
			);
			dependencies = (
				0837F02F2B9D86A300CE0BDB /* PBXTargetDependency */,
			);
			name = SUNNYUITests;
			productName = SUNNYUITests;
			productReference = 0837F02D2B9D86A300CE0BDB /* SUNNYUITests.xctest */;
			productType = "com.apple.product-type.bundle.ui-testing";
		};
/* End PBXNativeTarget section */

/* Begin PBXProject section */
		0837F00B2B9D86A000CE0BDB /* Project object */ = {
			isa = PBXProject;
			attributes = {
				BuildIndependentTargetsInParallel = 1;
				LastSwiftUpdateCheck = 1520;
				LastUpgradeCheck = 1520;
				TargetAttributes = {
					0837F0122B9D86A000CE0BDB = {
						CreatedOnToolsVersion = 15.2;
					};
					0837F0222B9D86A300CE0BDB = {
						CreatedOnToolsVersion = 15.2;
						TestTargetID = 0837F0122B9D86A000CE0BDB;
					};
					0837F02C2B9D86A300CE0BDB = {
						CreatedOnToolsVersion = 15.2;
						TestTargetID = 0837F0122B9D86A000CE0BDB;
					};
				};
			};
			buildConfigurationList = 0837F00E2B9D86A000CE0BDB /* Build configuration list for PBXProject "SUNNY" */;
			compatibilityVersion = "Xcode 14.0";
			developmentRegion = en;
			hasScannedForEncodings = 0;
			knownRegions = (
				en,
				Base,
			);
			mainGroup = 0837F00A2B9D86A000CE0BDB;
			productRefGroup = 0837F0142B9D86A000CE0BDB /* Products */;
			projectDirPath = "";
			projectRoot = "";
			targets = (
				0837F0122B9D86A000CE0BDB /* SUNNY */,
				0837F0222B9D86A300CE0BDB /* SUNNYTests */,
				0837F02C2B9D86A300CE0BDB /* SUNNYUITests */,
			);
		};
/* End PBXProject section */

/* Begin PBXResourcesBuildPhase section */
		0837F0112B9D86A000CE0BDB /* Resources */ = {
			isa = PBXResourcesBuildPhase;
			buildActionMask = 2147483647;
			files = (
				0837F01E2B9D86A300CE0BDB /* Preview Assets.xcassets in Resources */,
				0837F01B2B9D86A300CE0BDB /* Assets.xcassets in Resources */,
			);
			runOnlyForDeploymentPostprocessing = 0;
		};
		0837F0212B9D86A300CE0BDB /* Resources */ = {
			isa = PBXResourcesBuildPhase;
			buildActionMask = 2147483647;
			files = (
			);
			runOnlyForDeploymentPostprocessing = 0;
		};
		0837F02B2B9D86A300CE0BDB /* Resources */ = {
			isa = PBXResourcesBuildPhase;
			buildActionMask = 2147483647;
			files = (
			);
			runOnlyForDeploymentPostprocessing = 0;
		};
/* End PBXResourcesBuildPhase section */

/* Begin PBXSourcesBuildPhase section */
		0837F00F2B9D86A000CE0BDB /* Sources */ = {
			isa = PBXSourcesBuildPhase;
			buildActionMask = 2147483647;
			files = (
				0837F0192B9D86A000CE0BDB /* ContentView.swift in Sources */,
				0837F0172B9D86A000CE0BDB /* SUNNYApp.swift in Sources */,
			);
			runOnlyForDeploymentPostprocessing = 0;
		};
		0837F01F2B9D86A300CE0BDB /* Sources */ = {
			isa = PBXSourcesBuildPhase;
			buildActionMask = 2147483647;
			files = (
				0837F0282B9D86A300CE0BDB /* SUNNYTests.swift in Sources */,
			);
			runOnlyForDeploymentPostprocessing = 0;
		};
		0837F0292B9D86A300CE0BDB /* Sources */ = {
			isa = PBXSourcesBuildPhase;
			buildActionMask = 2147483647;
			files = (
				0837F0342B9D86A300CE0BDB /* SUNNYUITestsLaunchTests.swift in Sources */,
				0837F0322B9D86A300CE0BDB /* SUNNYUITests.swift in Sources */,
			);
			runOnlyForDeploymentPostprocessing = 0;
		};
/* End PBXSourcesBuildPhase section */

/* Begin PBXTargetDependency section */
		0837F0252B9D86A300CE0BDB /* PBXTargetDependency */ = {
			isa = PBXTargetDependency;
			target = 0837F0122B9D86A000CE0BDB /* SUNNY */;
			targetProxy = 0837F0242B9D86A300CE0BDB /* PBXContainerItemProxy */;
		};
		0837F02F2B9D86A300CE0BDB /* PBXTargetDependency */ = {
			isa = PBXTargetDependency;
			target = 0837F0122B9D86A000CE0BDB /* SUNNY */;
			targetProxy = 0837F02E2B9D86A300CE0BDB /* PBXContainerItemProxy */;
		};
/* End PBXTargetDependency section */

/* Begin XCBuildConfiguration section */
		0837F0352B9D86A300CE0BDB /* Debug */ = {
			isa = XCBuildConfiguration;
			buildSettings = {
				ALWAYS_SEARCH_USER_PATHS = NO;
				ASSETCATALOG_COMPILER_GENERATE_SWIFT_ASSET_SYMBOL_EXTENSIONS = YES;
				CLANG_ANALYZER_NONNULL = YES;
				CLANG_ANALYZER_NUMBER_OBJECT_CONVERSION = YES_AGGRESSIVE;
				CLANG_CXX_LANGUAGE_STANDARD = "gnu++20";
				CLANG_ENABLE_MODULES = YES;
				CLANG_ENABLE_OBJC_ARC = YES;
				CLANG_ENABLE_OBJC_WEAK = YES;
				CLANG_WARN_BLOCK_CAPTURE_AUTORELEASING = YES;
				CLANG_WARN_BOOL_CONVERSION = YES;
				CLANG_WARN_COMMA = YES;
				CLANG_WARN_CONSTANT_CONVERSION = YES;
				CLANG_WARN_DEPRECATED_OBJC_IMPLEMENTATIONS = YES;
				CLANG_WARN_DIRECT_OBJC_ISA_USAGE = YES_ERROR;
				CLANG_WARN_DOCUMENTATION_COMMENTS = YES;
				CLANG_WARN_EMPTY_BODY = YES;
				CLANG_WARN_ENUM_CONVERSION = YES;
				CLANG_WARN_INFINITE_RECURSION = YES;
				CLANG_WARN_INT_CONVERSION = YES;
				CLANG_WARN_NON_LITERAL_NULL_CONVERSION = YES;
				CLANG_WARN_OBJC_IMPLICIT_RETAIN_SELF = YES;
				CLANG_WARN_OBJC_LITERAL_CONVERSION = YES;
				CLANG_WARN_OBJC_ROOT_CLASS = YES_ERROR;
				CLANG_WARN_QUOTED_INCLUDE_IN_FRAMEWORK_HEADER = YES;
				CLANG_WARN_RANGE_LOOP_ANALYSIS = YES;
				CLANG_WARN_STRICT_PROTOTYPES = YES;
				CLANG_WARN_SUSPICIOUS_MOVE = YES;
				CLANG_WARN_UNGUARDED_AVAILABILITY = YES_AGGRESSIVE;
				CLANG_WARN_UNREACHABLE_CODE = YES;
				CLANG_WARN__DUPLICATE_METHOD_MATCH = YES;
				COPY_PHASE_STRIP = NO;
				DEBUG_INFORMATION_FORMAT = dwarf;
				ENABLE_STRICT_OBJC_MSGSEND = YES;
				ENABLE_TESTABILITY = YES;
				ENABLE_USER_SCRIPT_SANDBOXING = YES;
				GCC_C_LANGUAGE_STANDARD = gnu17;
				GCC_DYNAMIC_NO_PIC = NO;
				GCC_NO_COMMON_BLOCKS = YES;
				GCC_OPTIMIZATION_LEVEL = 0;
				GCC_PREPROCESSOR_DEFINITIONS = (
					"DEBUG=1",
					"$(inherited)",
				);
				GCC_WARN_64_TO_32_BIT_CONVERSION = YES;
				GCC_WARN_ABOUT_RETURN_TYPE = YES_ERROR;
				GCC_WARN_UNDECLARED_SELECTOR = YES;
				GCC_WARN_UNINITIALIZED_AUTOS = YES_AGGRESSIVE;
				GCC_WARN_UNUSED_FUNCTION = YES;
				GCC_WARN_UNUSED_VARIABLE = YES;
				IPHONEOS_DEPLOYMENT_TARGET = 17.2;
				LOCALIZATION_PREFERS_STRING_CATALOGS = YES;
				MTL_ENABLE_DEBUG_INFO = INCLUDE_SOURCE;
				MTL_FAST_MATH = YES;
				ONLY_ACTIVE_ARCH = YES;
				SDKROOT = iphoneos;
				SWIFT_ACTIVE_COMPILATION_CONDITIONS = "DEBUG $(inherited)";
				SWIFT_OPTIMIZATION_LEVEL = "-Onone";
			};
			name = Debug;
		};
		0837F0362B9D86A300CE0BDB /* Release */ = {
			isa = XCBuildConfiguration;
			buildSettings = {
				ALWAYS_SEARCH_USER_PATHS = NO;
				ASSETCATALOG_COMPILER_GENERATE_SWIFT_ASSET_SYMBOL_EXTENSIONS = YES;
				CLANG_ANALYZER_NONNULL = YES;
				CLANG_ANALYZER_NUMBER_OBJECT_CONVERSION = YES_AGGRESSIVE;
				CLANG_CXX_LANGUAGE_STANDARD = "gnu++20";
				CLANG_ENABLE_MODULES = YES;
				CLANG_ENABLE_OBJC_ARC = YES;
				CLANG_ENABLE_OBJC_WEAK = YES;
				CLANG_WARN_BLOCK_CAPTURE_AUTORELEASING = YES;
				CLANG_WARN_BOOL_CONVERSION = YES;
				CLANG_WARN_COMMA = YES;
				CLANG_WARN_CONSTANT_CONVERSION = YES;
				CLANG_WARN_DEPRECATED_OBJC_IMPLEMENTATIONS = YES;
				CLANG_WARN_DIRECT_OBJC_ISA_USAGE = YES_ERROR;
				CLANG_WARN_DOCUMENTATION_COMMENTS = YES;
				CLANG_WARN_EMPTY_BODY = YES;
				CLANG_WARN_ENUM_CONVERSION = YES;
				CLANG_WARN_INFINITE_RECURSION = YES;
				CLANG_WARN_INT_CONVERSION = YES;
				CLANG_WARN_NON_LITERAL_NULL_CONVERSION = YES;
				CLANG_WARN_OBJC_IMPLICIT_RETAIN_SELF = YES;
				CLANG_WARN_OBJC_LITERAL_CONVERSION = YES;
				CLANG_WARN_OBJC_ROOT_CLASS = YES_ERROR;
				CLANG_WARN_QUOTED_INCLUDE_IN_FRAMEWORK_HEADER = YES;
				CLANG_WARN_RANGE_LOOP_ANALYSIS = YES;
				CLANG_WARN_STRICT_PROTOTYPES = YES;
				CLANG_WARN_SUSPICIOUS_MOVE = YES;
				CLANG_WARN_UNGUARDED_AVAILABILITY = YES_AGGRESSIVE;
				CLANG_WARN_UNREACHABLE_CODE = YES;
				CLANG_WARN__DUPLICATE_METHOD_MATCH = YES;
				COPY_PHASE_STRIP = NO;
				DEBUG_INFORMATION_FORMAT = "dwarf-with-dsym";
				ENABLE_NS_ASSERTIONS = NO;
				ENABLE_STRICT_OBJC_MSGSEND = YES;
				ENABLE_USER_SCRIPT_SANDBOXING = YES;
				GCC_C_LANGUAGE_STANDARD = gnu17;
				GCC_NO_COMMON_BLOCKS = YES;
				GCC_WARN_64_TO_32_BIT_CONVERSION = YES;
				GCC_WARN_ABOUT_RETURN_TYPE = YES_ERROR;
				GCC_WARN_UNDECLARED_SELECTOR = YES;
				GCC_WARN_UNINITIALIZED_AUTOS = YES_AGGRESSIVE;
				GCC_WARN_UNUSED_FUNCTION = YES;
				GCC_WARN_UNUSED_VARIABLE = YES;
				IPHONEOS_DEPLOYMENT_TARGET = 17.2;
				LOCALIZATION_PREFERS_STRING_CATALOGS = YES;
				MTL_ENABLE_DEBUG_INFO = NO;
				MTL_FAST_MATH = YES;
				SDKROOT = iphoneos;
				SWIFT_COMPILATION_MODE = wholemodule;
				VALIDATE_PRODUCT = YES;
			};
			name = Release;
		};
		0837F0382B9D86A300CE0BDB /* Debug */ = {
			isa = XCBuildConfiguration;
			buildSettings = {
				ASSETCATALOG_COMPILER_APPICON_NAME = AppIcon;
				ASSETCATALOG_COMPILER_GLOBAL_ACCENT_COLOR_NAME = AccentColor;
				CODE_SIGN_STYLE = Automatic;
				CURRENT_PROJECT_VERSION = 1;
				DEVELOPMENT_ASSET_PATHS = "\"SUNNY/Preview Content\"";
				DEVELOPMENT_TEAM = 8L6HR8J2B8;
				ENABLE_PREVIEWS = YES;
				GENERATE_INFOPLIST_FILE = YES;
				INFOPLIST_KEY_UIApplicationSceneManifest_Generation = YES;
				INFOPLIST_KEY_UIApplicationSupportsIndirectInputEvents = YES;
				INFOPLIST_KEY_UILaunchScreen_Generation = YES;
				INFOPLIST_KEY_UISupportedInterfaceOrientations_iPad = "UIInterfaceOrientationPortrait UIInterfaceOrientationPortraitUpsideDown UIInterfaceOrientationLandscapeLeft UIInterfaceOrientationLandscapeRight";
				INFOPLIST_KEY_UISupportedInterfaceOrientations_iPhone = "UIInterfaceOrientationPortrait UIInterfaceOrientationLandscapeLeft UIInterfaceOrientationLandscapeRight";
				LD_RUNPATH_SEARCH_PATHS = (
					"$(inherited)",
					"@executable_path/Frameworks",
				);
				MARKETING_VERSION = 1.0;
				PRODUCT_BUNDLE_IDENTIFIER = com.yeoniii20.SUNNY;
				PRODUCT_NAME = "$(TARGET_NAME)";
				SWIFT_EMIT_LOC_STRINGS = YES;
				SWIFT_VERSION = 5.0;
				TARGETED_DEVICE_FAMILY = "1,2";
			};
			name = Debug;
		};
		0837F0392B9D86A300CE0BDB /* Release */ = {
			isa = XCBuildConfiguration;
			buildSettings = {
				ASSETCATALOG_COMPILER_APPICON_NAME = AppIcon;
				ASSETCATALOG_COMPILER_GLOBAL_ACCENT_COLOR_NAME = AccentColor;
				CODE_SIGN_STYLE = Automatic;
				CURRENT_PROJECT_VERSION = 1;
				DEVELOPMENT_ASSET_PATHS = "\"SUNNY/Preview Content\"";
				DEVELOPMENT_TEAM = 8L6HR8J2B8;
				ENABLE_PREVIEWS = YES;
				GENERATE_INFOPLIST_FILE = YES;
				INFOPLIST_KEY_UIApplicationSceneManifest_Generation = YES;
				INFOPLIST_KEY_UIApplicationSupportsIndirectInputEvents = YES;
				INFOPLIST_KEY_UILaunchScreen_Generation = YES;
				INFOPLIST_KEY_UISupportedInterfaceOrientations_iPad = "UIInterfaceOrientationPortrait UIInterfaceOrientationPortraitUpsideDown UIInterfaceOrientationLandscapeLeft UIInterfaceOrientationLandscapeRight";
				INFOPLIST_KEY_UISupportedInterfaceOrientations_iPhone = "UIInterfaceOrientationPortrait UIInterfaceOrientationLandscapeLeft UIInterfaceOrientationLandscapeRight";
				LD_RUNPATH_SEARCH_PATHS = (
					"$(inherited)",
					"@executable_path/Frameworks",
				);
				MARKETING_VERSION = 1.0;
				PRODUCT_BUNDLE_IDENTIFIER = com.yeoniii20.SUNNY;
				PRODUCT_NAME = "$(TARGET_NAME)";
				SWIFT_EMIT_LOC_STRINGS = YES;
				SWIFT_VERSION = 5.0;
				TARGETED_DEVICE_FAMILY = "1,2";
			};
			name = Release;
		};
		0837F03B2B9D86A300CE0BDB /* Debug */ = {
			isa = XCBuildConfiguration;
			buildSettings = {
				ALWAYS_EMBED_SWIFT_STANDARD_LIBRARIES = YES;
				BUNDLE_LOADER = "$(TEST_HOST)";
				CODE_SIGN_STYLE = Automatic;
				CURRENT_PROJECT_VERSION = 1;
				DEVELOPMENT_TEAM = 8L6HR8J2B8;
				GENERATE_INFOPLIST_FILE = YES;
				IPHONEOS_DEPLOYMENT_TARGET = 17.2;
				MARKETING_VERSION = 1.0;
				PRODUCT_BUNDLE_IDENTIFIER = com.yeoniii20.SUNNYTests;
				PRODUCT_NAME = "$(TARGET_NAME)";
				SWIFT_EMIT_LOC_STRINGS = NO;
				SWIFT_VERSION = 5.0;
				TARGETED_DEVICE_FAMILY = "1,2";
				TEST_HOST = "$(BUILT_PRODUCTS_DIR)/SUNNY.app/$(BUNDLE_EXECUTABLE_FOLDER_PATH)/SUNNY";
			};
			name = Debug;
		};
		0837F03C2B9D86A300CE0BDB /* Release */ = {
			isa = XCBuildConfiguration;
			buildSettings = {
				ALWAYS_EMBED_SWIFT_STANDARD_LIBRARIES = YES;
				BUNDLE_LOADER = "$(TEST_HOST)";
				CODE_SIGN_STYLE = Automatic;
				CURRENT_PROJECT_VERSION = 1;
				DEVELOPMENT_TEAM = 8L6HR8J2B8;
				GENERATE_INFOPLIST_FILE = YES;
				IPHONEOS_DEPLOYMENT_TARGET = 17.2;
				MARKETING_VERSION = 1.0;
				PRODUCT_BUNDLE_IDENTIFIER = com.yeoniii20.SUNNYTests;
				PRODUCT_NAME = "$(TARGET_NAME)";
				SWIFT_EMIT_LOC_STRINGS = NO;
				SWIFT_VERSION = 5.0;
				TARGETED_DEVICE_FAMILY = "1,2";
				TEST_HOST = "$(BUILT_PRODUCTS_DIR)/SUNNY.app/$(BUNDLE_EXECUTABLE_FOLDER_PATH)/SUNNY";
			};
			name = Release;
		};
		0837F03E2B9D86A300CE0BDB /* Debug */ = {
			isa = XCBuildConfiguration;
			buildSettings = {
				ALWAYS_EMBED_SWIFT_STANDARD_LIBRARIES = YES;
				CODE_SIGN_STYLE = Automatic;
				CURRENT_PROJECT_VERSION = 1;
				DEVELOPMENT_TEAM = 8L6HR8J2B8;
				GENERATE_INFOPLIST_FILE = YES;
				MARKETING_VERSION = 1.0;
				PRODUCT_BUNDLE_IDENTIFIER = com.yeoniii20.SUNNYUITests;
				PRODUCT_NAME = "$(TARGET_NAME)";
				SWIFT_EMIT_LOC_STRINGS = NO;
				SWIFT_VERSION = 5.0;
				TARGETED_DEVICE_FAMILY = "1,2";
				TEST_TARGET_NAME = SUNNY;
			};
			name = Debug;
		};
		0837F03F2B9D86A300CE0BDB /* Release */ = {
			isa = XCBuildConfiguration;
			buildSettings = {
				ALWAYS_EMBED_SWIFT_STANDARD_LIBRARIES = YES;
				CODE_SIGN_STYLE = Automatic;
				CURRENT_PROJECT_VERSION = 1;
				DEVELOPMENT_TEAM = 8L6HR8J2B8;
				GENERATE_INFOPLIST_FILE = YES;
				MARKETING_VERSION = 1.0;
				PRODUCT_BUNDLE_IDENTIFIER = com.yeoniii20.SUNNYUITests;
				PRODUCT_NAME = "$(TARGET_NAME)";
				SWIFT_EMIT_LOC_STRINGS = NO;
				SWIFT_VERSION = 5.0;
				TARGETED_DEVICE_FAMILY = "1,2";
				TEST_TARGET_NAME = SUNNY;
			};
			name = Release;
		};
/* End XCBuildConfiguration section */

/* Begin XCConfigurationList section */
		0837F00E2B9D86A000CE0BDB /* Build configuration list for PBXProject "SUNNY" */ = {
			isa = XCConfigurationList;
			buildConfigurations = (
				0837F0352B9D86A300CE0BDB /* Debug */,
				0837F0362B9D86A300CE0BDB /* Release */,
			);
			defaultConfigurationIsVisible = 0;
			defaultConfigurationName = Release;
		};
		0837F0372B9D86A300CE0BDB /* Build configuration list for PBXNativeTarget "SUNNY" */ = {
			isa = XCConfigurationList;
			buildConfigurations = (
				0837F0382B9D86A300CE0BDB /* Debug */,
				0837F0392B9D86A300CE0BDB /* Release */,
			);
			defaultConfigurationIsVisible = 0;
			defaultConfigurationName = Release;
		};
		0837F03A2B9D86A300CE0BDB /* Build configuration list for PBXNativeTarget "SUNNYTests" */ = {
			isa = XCConfigurationList;
			buildConfigurations = (
				0837F03B2B9D86A300CE0BDB /* Debug */,
				0837F03C2B9D86A300CE0BDB /* Release */,
			);
			defaultConfigurationIsVisible = 0;
			defaultConfigurationName = Release;
		};
		0837F03D2B9D86A300CE0BDB /* Build configuration list for PBXNativeTarget "SUNNYUITests" */ = {
			isa = XCConfigurationList;
			buildConfigurations = (
				0837F03E2B9D86A300CE0BDB /* Debug */,
				0837F03F2B9D86A300CE0BDB /* Release */,
			);
			defaultConfigurationIsVisible = 0;
			defaultConfigurationName = Release;
		};
/* End XCConfigurationList section */
	};
	rootObject = 0837F00B2B9D86A000CE0BDB /* Project object */;
}
