// !$*UTF8*$!
{
	archiveVersion = 1;
	classes = {
	};
	objectVersion = 56;
	objects = {

/* Begin PBXBuildFile section */
		083C2AC32B9CE2C600EB4840 /* SUNNYApp.swift in Sources */ = {isa = PBXBuildFile; fileRef = 083C2AC22B9CE2C600EB4840 /* SUNNYApp.swift */; };
		083C2AC52B9CE2C600EB4840 /* ContentView.swift in Sources */ = {isa = PBXBuildFile; fileRef = 083C2AC42B9CE2C600EB4840 /* ContentView.swift */; };
		083C2AC72B9CE2C800EB4840 /* Assets.xcassets in Resources */ = {isa = PBXBuildFile; fileRef = 083C2AC62B9CE2C800EB4840 /* Assets.xcassets */; };
		083C2ACA2B9CE2C800EB4840 /* Preview Assets.xcassets in Resources */ = {isa = PBXBuildFile; fileRef = 083C2AC92B9CE2C800EB4840 /* Preview Assets.xcassets */; };
		083C2AD42B9CE2C800EB4840 /* SUNNYTests.swift in Sources */ = {isa = PBXBuildFile; fileRef = 083C2AD32B9CE2C800EB4840 /* SUNNYTests.swift */; };
		083C2ADE2B9CE2C800EB4840 /* SUNNYUITests.swift in Sources */ = {isa = PBXBuildFile; fileRef = 083C2ADD2B9CE2C800EB4840 /* SUNNYUITests.swift */; };
		083C2AE02B9CE2C800EB4840 /* SUNNYUITestsLaunchTests.swift in Sources */ = {isa = PBXBuildFile; fileRef = 083C2ADF2B9CE2C800EB4840 /* SUNNYUITestsLaunchTests.swift */; };
/* End PBXBuildFile section */

/* Begin PBXContainerItemProxy section */
		083C2AD02B9CE2C800EB4840 /* PBXContainerItemProxy */ = {
			isa = PBXContainerItemProxy;
			containerPortal = 083C2AB72B9CE2C600EB4840 /* Project object */;
			proxyType = 1;
			remoteGlobalIDString = 083C2ABE2B9CE2C600EB4840;
			remoteInfo = SUNNY;
		};
		083C2ADA2B9CE2C800EB4840 /* PBXContainerItemProxy */ = {
			isa = PBXContainerItemProxy;
			containerPortal = 083C2AB72B9CE2C600EB4840 /* Project object */;
			proxyType = 1;
			remoteGlobalIDString = 083C2ABE2B9CE2C600EB4840;
			remoteInfo = SUNNY;
		};
/* End PBXContainerItemProxy section */

/* Begin PBXFileReference section */
		083C2ABF2B9CE2C600EB4840 /* SUNNY.app */ = {isa = PBXFileReference; explicitFileType = wrapper.application; includeInIndex = 0; path = SUNNY.app; sourceTree = BUILT_PRODUCTS_DIR; };
		083C2AC22B9CE2C600EB4840 /* SUNNYApp.swift */ = {isa = PBXFileReference; lastKnownFileType = sourcecode.swift; path = SUNNYApp.swift; sourceTree = "<group>"; };
		083C2AC42B9CE2C600EB4840 /* ContentView.swift */ = {isa = PBXFileReference; lastKnownFileType = sourcecode.swift; path = ContentView.swift; sourceTree = "<group>"; };
		083C2AC62B9CE2C800EB4840 /* Assets.xcassets */ = {isa = PBXFileReference; lastKnownFileType = folder.assetcatalog; path = Assets.xcassets; sourceTree = "<group>"; };
		083C2AC92B9CE2C800EB4840 /* Preview Assets.xcassets */ = {isa = PBXFileReference; lastKnownFileType = folder.assetcatalog; path = "Preview Assets.xcassets"; sourceTree = "<group>"; };
		083C2ACF2B9CE2C800EB4840 /* SUNNYTests.xctest */ = {isa = PBXFileReference; explicitFileType = wrapper.cfbundle; includeInIndex = 0; path = SUNNYTests.xctest; sourceTree = BUILT_PRODUCTS_DIR; };
		083C2AD32B9CE2C800EB4840 /* SUNNYTests.swift */ = {isa = PBXFileReference; lastKnownFileType = sourcecode.swift; path = SUNNYTests.swift; sourceTree = "<group>"; };
		083C2AD92B9CE2C800EB4840 /* SUNNYUITests.xctest */ = {isa = PBXFileReference; explicitFileType = wrapper.cfbundle; includeInIndex = 0; path = SUNNYUITests.xctest; sourceTree = BUILT_PRODUCTS_DIR; };
		083C2ADD2B9CE2C800EB4840 /* SUNNYUITests.swift */ = {isa = PBXFileReference; lastKnownFileType = sourcecode.swift; path = SUNNYUITests.swift; sourceTree = "<group>"; };
		083C2ADF2B9CE2C800EB4840 /* SUNNYUITestsLaunchTests.swift */ = {isa = PBXFileReference; lastKnownFileType = sourcecode.swift; path = SUNNYUITestsLaunchTests.swift; sourceTree = "<group>"; };
/* End PBXFileReference section */

/* Begin PBXFrameworksBuildPhase section */
		083C2ABC2B9CE2C600EB4840 /* Frameworks */ = {
			isa = PBXFrameworksBuildPhase;
			buildActionMask = 2147483647;
			files = (
			);
			runOnlyForDeploymentPostprocessing = 0;
		};
		083C2ACC2B9CE2C800EB4840 /* Frameworks */ = {
			isa = PBXFrameworksBuildPhase;
			buildActionMask = 2147483647;
			files = (
			);
			runOnlyForDeploymentPostprocessing = 0;
		};
		083C2AD62B9CE2C800EB4840 /* Frameworks */ = {
			isa = PBXFrameworksBuildPhase;
			buildActionMask = 2147483647;
			files = (
			);
			runOnlyForDeploymentPostprocessing = 0;
		};
/* End PBXFrameworksBuildPhase section */

/* Begin PBXGroup section */
		083C2AB62B9CE2C600EB4840 = {
			isa = PBXGroup;
			children = (
				083C2AC12B9CE2C600EB4840 /* SUNNY */,
				083C2AD22B9CE2C800EB4840 /* SUNNYTests */,
				083C2ADC2B9CE2C800EB4840 /* SUNNYUITests */,
				083C2AC02B9CE2C600EB4840 /* Products */,
			);
			sourceTree = "<group>";
		};
		083C2AC02B9CE2C600EB4840 /* Products */ = {
			isa = PBXGroup;
			children = (
				083C2ABF2B9CE2C600EB4840 /* SUNNY.app */,
				083C2ACF2B9CE2C800EB4840 /* SUNNYTests.xctest */,
				083C2AD92B9CE2C800EB4840 /* SUNNYUITests.xctest */,
			);
			name = Products;
			sourceTree = "<group>";
		};
		083C2AC12B9CE2C600EB4840 /* SUNNY */ = {
			isa = PBXGroup;
			children = (
				083C2AC22B9CE2C600EB4840 /* SUNNYApp.swift */,
				083C2AC42B9CE2C600EB4840 /* ContentView.swift */,
				083C2AC62B9CE2C800EB4840 /* Assets.xcassets */,
				083C2AC82B9CE2C800EB4840 /* Preview Content */,
			);
			path = SUNNY;
			sourceTree = "<group>";
		};
		083C2AC82B9CE2C800EB4840 /* Preview Content */ = {
			isa = PBXGroup;
			children = (
				083C2AC92B9CE2C800EB4840 /* Preview Assets.xcassets */,
			);
			path = "Preview Content";
			sourceTree = "<group>";
		};
		083C2AD22B9CE2C800EB4840 /* SUNNYTests */ = {
			isa = PBXGroup;
			children = (
				083C2AD32B9CE2C800EB4840 /* SUNNYTests.swift */,
			);
			path = SUNNYTests;
			sourceTree = "<group>";
		};
		083C2ADC2B9CE2C800EB4840 /* SUNNYUITests */ = {
			isa = PBXGroup;
			children = (
				083C2ADD2B9CE2C800EB4840 /* SUNNYUITests.swift */,
				083C2ADF2B9CE2C800EB4840 /* SUNNYUITestsLaunchTests.swift */,
			);
			path = SUNNYUITests;
			sourceTree = "<group>";
		};
/* End PBXGroup section */

/* Begin PBXNativeTarget section */
		083C2ABE2B9CE2C600EB4840 /* SUNNY */ = {
			isa = PBXNativeTarget;
			buildConfigurationList = 083C2AE32B9CE2C800EB4840 /* Build configuration list for PBXNativeTarget "SUNNY" */;
			buildPhases = (
				083C2ABB2B9CE2C600EB4840 /* Sources */,
				083C2ABC2B9CE2C600EB4840 /* Frameworks */,
				083C2ABD2B9CE2C600EB4840 /* Resources */,
			);
			buildRules = (
			);
			dependencies = (
			);
			name = SUNNY;
			productName = SUNNY;
			productReference = 083C2ABF2B9CE2C600EB4840 /* SUNNY.app */;
			productType = "com.apple.product-type.application";
		};
		083C2ACE2B9CE2C800EB4840 /* SUNNYTests */ = {
			isa = PBXNativeTarget;
			buildConfigurationList = 083C2AE62B9CE2C800EB4840 /* Build configuration list for PBXNativeTarget "SUNNYTests" */;
			buildPhases = (
				083C2ACB2B9CE2C800EB4840 /* Sources */,
				083C2ACC2B9CE2C800EB4840 /* Frameworks */,
				083C2ACD2B9CE2C800EB4840 /* Resources */,
			);
			buildRules = (
			);
			dependencies = (
				083C2AD12B9CE2C800EB4840 /* PBXTargetDependency */,
			);
			name = SUNNYTests;
			productName = SUNNYTests;
			productReference = 083C2ACF2B9CE2C800EB4840 /* SUNNYTests.xctest */;
			productType = "com.apple.product-type.bundle.unit-test";
		};
		083C2AD82B9CE2C800EB4840 /* SUNNYUITests */ = {
			isa = PBXNativeTarget;
			buildConfigurationList = 083C2AE92B9CE2C800EB4840 /* Build configuration list for PBXNativeTarget "SUNNYUITests" */;
			buildPhases = (
				083C2AD52B9CE2C800EB4840 /* Sources */,
				083C2AD62B9CE2C800EB4840 /* Frameworks */,
				083C2AD72B9CE2C800EB4840 /* Resources */,
			);
			buildRules = (
			);
			dependencies = (
				083C2ADB2B9CE2C800EB4840 /* PBXTargetDependency */,
			);
			name = SUNNYUITests;
			productName = SUNNYUITests;
			productReference = 083C2AD92B9CE2C800EB4840 /* SUNNYUITests.xctest */;
			productType = "com.apple.product-type.bundle.ui-testing";
		};
/* End PBXNativeTarget section */

/* Begin PBXProject section */
		083C2AB72B9CE2C600EB4840 /* Project object */ = {
			isa = PBXProject;
			attributes = {
				BuildIndependentTargetsInParallel = 1;
				LastSwiftUpdateCheck = 1520;
				LastUpgradeCheck = 1520;
				TargetAttributes = {
					083C2ABE2B9CE2C600EB4840 = {
						CreatedOnToolsVersion = 15.2;
					};
					083C2ACE2B9CE2C800EB4840 = {
						CreatedOnToolsVersion = 15.2;
						TestTargetID = 083C2ABE2B9CE2C600EB4840;
					};
					083C2AD82B9CE2C800EB4840 = {
						CreatedOnToolsVersion = 15.2;
						TestTargetID = 083C2ABE2B9CE2C600EB4840;
					};
				};
			};
			buildConfigurationList = 083C2ABA2B9CE2C600EB4840 /* Build configuration list for PBXProject "SUNNY" */;
			compatibilityVersion = "Xcode 14.0";
			developmentRegion = en;
			hasScannedForEncodings = 0;
			knownRegions = (
				en,
				Base,
			);
			mainGroup = 083C2AB62B9CE2C600EB4840;
			productRefGroup = 083C2AC02B9CE2C600EB4840 /* Products */;
			projectDirPath = "";
			projectRoot = "";
			targets = (
				083C2ABE2B9CE2C600EB4840 /* SUNNY */,
				083C2ACE2B9CE2C800EB4840 /* SUNNYTests */,
				083C2AD82B9CE2C800EB4840 /* SUNNYUITests */,
			);
		};
/* End PBXProject section */

/* Begin PBXResourcesBuildPhase section */
		083C2ABD2B9CE2C600EB4840 /* Resources */ = {
			isa = PBXResourcesBuildPhase;
			buildActionMask = 2147483647;
			files = (
				083C2ACA2B9CE2C800EB4840 /* Preview Assets.xcassets in Resources */,
				083C2AC72B9CE2C800EB4840 /* Assets.xcassets in Resources */,
			);
			runOnlyForDeploymentPostprocessing = 0;
		};
		083C2ACD2B9CE2C800EB4840 /* Resources */ = {
			isa = PBXResourcesBuildPhase;
			buildActionMask = 2147483647;
			files = (
			);
			runOnlyForDeploymentPostprocessing = 0;
		};
		083C2AD72B9CE2C800EB4840 /* Resources */ = {
			isa = PBXResourcesBuildPhase;
			buildActionMask = 2147483647;
			files = (
			);
			runOnlyForDeploymentPostprocessing = 0;
		};
/* End PBXResourcesBuildPhase section */

/* Begin PBXSourcesBuildPhase section */
		083C2ABB2B9CE2C600EB4840 /* Sources */ = {
			isa = PBXSourcesBuildPhase;
			buildActionMask = 2147483647;
			files = (
				083C2AC52B9CE2C600EB4840 /* ContentView.swift in Sources */,
				083C2AC32B9CE2C600EB4840 /* SUNNYApp.swift in Sources */,
			);
			runOnlyForDeploymentPostprocessing = 0;
		};
		083C2ACB2B9CE2C800EB4840 /* Sources */ = {
			isa = PBXSourcesBuildPhase;
			buildActionMask = 2147483647;
			files = (
				083C2AD42B9CE2C800EB4840 /* SUNNYTests.swift in Sources */,
			);
			runOnlyForDeploymentPostprocessing = 0;
		};
		083C2AD52B9CE2C800EB4840 /* Sources */ = {
			isa = PBXSourcesBuildPhase;
			buildActionMask = 2147483647;
			files = (
				083C2AE02B9CE2C800EB4840 /* SUNNYUITestsLaunchTests.swift in Sources */,
				083C2ADE2B9CE2C800EB4840 /* SUNNYUITests.swift in Sources */,
			);
			runOnlyForDeploymentPostprocessing = 0;
		};
/* End PBXSourcesBuildPhase section */

/* Begin PBXTargetDependency section */
		083C2AD12B9CE2C800EB4840 /* PBXTargetDependency */ = {
			isa = PBXTargetDependency;
			target = 083C2ABE2B9CE2C600EB4840 /* SUNNY */;
			targetProxy = 083C2AD02B9CE2C800EB4840 /* PBXContainerItemProxy */;
		};
		083C2ADB2B9CE2C800EB4840 /* PBXTargetDependency */ = {
			isa = PBXTargetDependency;
			target = 083C2ABE2B9CE2C600EB4840 /* SUNNY */;
			targetProxy = 083C2ADA2B9CE2C800EB4840 /* PBXContainerItemProxy */;
		};
/* End PBXTargetDependency section */

/* Begin XCBuildConfiguration section */
		083C2AE12B9CE2C800EB4840 /* Debug */ = {
			isa = XCBuildConfiguration;
			buildSettings = {
				ALWAYS_SEARCH_USER_PATHS = NO;
				ASSETCATALOG_COMPILER_GENERATE_SWIFT_ASSET_SYMBOL_EXTENSIONS = YES;
				CLANG_ANALYZER_NONNULL = YES;
				CLANG_ANALYZER_NUMBER_OBJECT_CONVERSION = YES_AGGRESSIVE;
				CLANG_CXX_LANGUAGE_STANDARD = "gnu++20";
				CLANG_ENABLE_MODULES = YES;
				CLANG_ENABLE_OBJC_ARC = YES;
				CLANG_ENABLE_OBJC_WEAK = YES;
				CLANG_WARN_BLOCK_CAPTURE_AUTORELEASING = YES;
				CLANG_WARN_BOOL_CONVERSION = YES;
				CLANG_WARN_COMMA = YES;
				CLANG_WARN_CONSTANT_CONVERSION = YES;
				CLANG_WARN_DEPRECATED_OBJC_IMPLEMENTATIONS = YES;
				CLANG_WARN_DIRECT_OBJC_ISA_USAGE = YES_ERROR;
				CLANG_WARN_DOCUMENTATION_COMMENTS = YES;
				CLANG_WARN_EMPTY_BODY = YES;
				CLANG_WARN_ENUM_CONVERSION = YES;
				CLANG_WARN_INFINITE_RECURSION = YES;
				CLANG_WARN_INT_CONVERSION = YES;
				CLANG_WARN_NON_LITERAL_NULL_CONVERSION = YES;
				CLANG_WARN_OBJC_IMPLICIT_RETAIN_SELF = YES;
				CLANG_WARN_OBJC_LITERAL_CONVERSION = YES;
				CLANG_WARN_OBJC_ROOT_CLASS = YES_ERROR;
				CLANG_WARN_QUOTED_INCLUDE_IN_FRAMEWORK_HEADER = YES;
				CLANG_WARN_RANGE_LOOP_ANALYSIS = YES;
				CLANG_WARN_STRICT_PROTOTYPES = YES;
				CLANG_WARN_SUSPICIOUS_MOVE = YES;
				CLANG_WARN_UNGUARDED_AVAILABILITY = YES_AGGRESSIVE;
				CLANG_WARN_UNREACHABLE_CODE = YES;
				CLANG_WARN__DUPLICATE_METHOD_MATCH = YES;
				COPY_PHASE_STRIP = NO;
				DEBUG_INFORMATION_FORMAT = dwarf;
				ENABLE_STRICT_OBJC_MSGSEND = YES;
				ENABLE_TESTABILITY = YES;
				ENABLE_USER_SCRIPT_SANDBOXING = YES;
				GCC_C_LANGUAGE_STANDARD = gnu17;
				GCC_DYNAMIC_NO_PIC = NO;
				GCC_NO_COMMON_BLOCKS = YES;
				GCC_OPTIMIZATION_LEVEL = 0;
				GCC_PREPROCESSOR_DEFINITIONS = (
					"DEBUG=1",
					"$(inherited)",
				);
				GCC_WARN_64_TO_32_BIT_CONVERSION = YES;
				GCC_WARN_ABOUT_RETURN_TYPE = YES_ERROR;
				GCC_WARN_UNDECLARED_SELECTOR = YES;
				GCC_WARN_UNINITIALIZED_AUTOS = YES_AGGRESSIVE;
				GCC_WARN_UNUSED_FUNCTION = YES;
				GCC_WARN_UNUSED_VARIABLE = YES;
				IPHONEOS_DEPLOYMENT_TARGET = 17.2;
				LOCALIZATION_PREFERS_STRING_CATALOGS = YES;
				MTL_ENABLE_DEBUG_INFO = INCLUDE_SOURCE;
				MTL_FAST_MATH = YES;
				ONLY_ACTIVE_ARCH = YES;
				SDKROOT = iphoneos;
				SWIFT_ACTIVE_COMPILATION_CONDITIONS = "DEBUG $(inherited)";
				SWIFT_OPTIMIZATION_LEVEL = "-Onone";
			};
			name = Debug;
		};
		083C2AE22B9CE2C800EB4840 /* Release */ = {
			isa = XCBuildConfiguration;
			buildSettings = {
				ALWAYS_SEARCH_USER_PATHS = NO;
				ASSETCATALOG_COMPILER_GENERATE_SWIFT_ASSET_SYMBOL_EXTENSIONS = YES;
				CLANG_ANALYZER_NONNULL = YES;
				CLANG_ANALYZER_NUMBER_OBJECT_CONVERSION = YES_AGGRESSIVE;
				CLANG_CXX_LANGUAGE_STANDARD = "gnu++20";
				CLANG_ENABLE_MODULES = YES;
				CLANG_ENABLE_OBJC_ARC = YES;
				CLANG_ENABLE_OBJC_WEAK = YES;
				CLANG_WARN_BLOCK_CAPTURE_AUTORELEASING = YES;
				CLANG_WARN_BOOL_CONVERSION = YES;
				CLANG_WARN_COMMA = YES;
				CLANG_WARN_CONSTANT_CONVERSION = YES;
				CLANG_WARN_DEPRECATED_OBJC_IMPLEMENTATIONS = YES;
				CLANG_WARN_DIRECT_OBJC_ISA_USAGE = YES_ERROR;
				CLANG_WARN_DOCUMENTATION_COMMENTS = YES;
				CLANG_WARN_EMPTY_BODY = YES;
				CLANG_WARN_ENUM_CONVERSION = YES;
				CLANG_WARN_INFINITE_RECURSION = YES;
				CLANG_WARN_INT_CONVERSION = YES;
				CLANG_WARN_NON_LITERAL_NULL_CONVERSION = YES;
				CLANG_WARN_OBJC_IMPLICIT_RETAIN_SELF = YES;
				CLANG_WARN_OBJC_LITERAL_CONVERSION = YES;
				CLANG_WARN_OBJC_ROOT_CLASS = YES_ERROR;
				CLANG_WARN_QUOTED_INCLUDE_IN_FRAMEWORK_HEADER = YES;
				CLANG_WARN_RANGE_LOOP_ANALYSIS = YES;
				CLANG_WARN_STRICT_PROTOTYPES = YES;
				CLANG_WARN_SUSPICIOUS_MOVE = YES;
				CLANG_WARN_UNGUARDED_AVAILABILITY = YES_AGGRESSIVE;
				CLANG_WARN_UNREACHABLE_CODE = YES;
				CLANG_WARN__DUPLICATE_METHOD_MATCH = YES;
				COPY_PHASE_STRIP = NO;
				DEBUG_INFORMATION_FORMAT = "dwarf-with-dsym";
				ENABLE_NS_ASSERTIONS = NO;
				ENABLE_STRICT_OBJC_MSGSEND = YES;
				ENABLE_USER_SCRIPT_SANDBOXING = YES;
				GCC_C_LANGUAGE_STANDARD = gnu17;
				GCC_NO_COMMON_BLOCKS = YES;
				GCC_WARN_64_TO_32_BIT_CONVERSION = YES;
				GCC_WARN_ABOUT_RETURN_TYPE = YES_ERROR;
				GCC_WARN_UNDECLARED_SELECTOR = YES;
				GCC_WARN_UNINITIALIZED_AUTOS = YES_AGGRESSIVE;
				GCC_WARN_UNUSED_FUNCTION = YES;
				GCC_WARN_UNUSED_VARIABLE = YES;
				IPHONEOS_DEPLOYMENT_TARGET = 17.2;
				LOCALIZATION_PREFERS_STRING_CATALOGS = YES;
				MTL_ENABLE_DEBUG_INFO = NO;
				MTL_FAST_MATH = YES;
				SDKROOT = iphoneos;
				SWIFT_COMPILATION_MODE = wholemodule;
				VALIDATE_PRODUCT = YES;
			};
			name = Release;
		};
		083C2AE42B9CE2C800EB4840 /* Debug */ = {
			isa = XCBuildConfiguration;
			buildSettings = {
				ASSETCATALOG_COMPILER_APPICON_NAME = AppIcon;
				ASSETCATALOG_COMPILER_GLOBAL_ACCENT_COLOR_NAME = AccentColor;
				CODE_SIGN_STYLE = Automatic;
				CURRENT_PROJECT_VERSION = 1;
				DEVELOPMENT_ASSET_PATHS = "\"SUNNY/Preview Content\"";
				DEVELOPMENT_TEAM = 8L6HR8J2B8;
				ENABLE_PREVIEWS = YES;
				GENERATE_INFOPLIST_FILE = YES;
				INFOPLIST_KEY_UIApplicationSceneManifest_Generation = YES;
				INFOPLIST_KEY_UIApplicationSupportsIndirectInputEvents = YES;
				INFOPLIST_KEY_UILaunchScreen_Generation = YES;
				INFOPLIST_KEY_UISupportedInterfaceOrientations_iPad = "UIInterfaceOrientationPortrait UIInterfaceOrientationPortraitUpsideDown UIInterfaceOrientationLandscapeLeft UIInterfaceOrientationLandscapeRight";
				INFOPLIST_KEY_UISupportedInterfaceOrientations_iPhone = "UIInterfaceOrientationPortrait UIInterfaceOrientationLandscapeLeft UIInterfaceOrientationLandscapeRight";
				LD_RUNPATH_SEARCH_PATHS = (
					"$(inherited)",
					"@executable_path/Frameworks",
				);
				MARKETING_VERSION = 1.0;
				PRODUCT_BUNDLE_IDENTIFIER = com.yeoniii20.SUNNY;
				PRODUCT_NAME = "$(TARGET_NAME)";
				SWIFT_EMIT_LOC_STRINGS = YES;
				SWIFT_VERSION = 5.0;
				TARGETED_DEVICE_FAMILY = "1,2";
			};
			name = Debug;
		};
		083C2AE52B9CE2C800EB4840 /* Release */ = {
			isa = XCBuildConfiguration;
			buildSettings = {
				ASSETCATALOG_COMPILER_APPICON_NAME = AppIcon;
				ASSETCATALOG_COMPILER_GLOBAL_ACCENT_COLOR_NAME = AccentColor;
				CODE_SIGN_STYLE = Automatic;
				CURRENT_PROJECT_VERSION = 1;
				DEVELOPMENT_ASSET_PATHS = "\"SUNNY/Preview Content\"";
				DEVELOPMENT_TEAM = 8L6HR8J2B8;
				ENABLE_PREVIEWS = YES;
				GENERATE_INFOPLIST_FILE = YES;
				INFOPLIST_KEY_UIApplicationSceneManifest_Generation = YES;
				INFOPLIST_KEY_UIApplicationSupportsIndirectInputEvents = YES;
				INFOPLIST_KEY_UILaunchScreen_Generation = YES;
				INFOPLIST_KEY_UISupportedInterfaceOrientations_iPad = "UIInterfaceOrientationPortrait UIInterfaceOrientationPortraitUpsideDown UIInterfaceOrientationLandscapeLeft UIInterfaceOrientationLandscapeRight";
				INFOPLIST_KEY_UISupportedInterfaceOrientations_iPhone = "UIInterfaceOrientationPortrait UIInterfaceOrientationLandscapeLeft UIInterfaceOrientationLandscapeRight";
				LD_RUNPATH_SEARCH_PATHS = (
					"$(inherited)",
					"@executable_path/Frameworks",
				);
				MARKETING_VERSION = 1.0;
				PRODUCT_BUNDLE_IDENTIFIER = com.yeoniii20.SUNNY;
				PRODUCT_NAME = "$(TARGET_NAME)";
				SWIFT_EMIT_LOC_STRINGS = YES;
				SWIFT_VERSION = 5.0;
				TARGETED_DEVICE_FAMILY = "1,2";
			};
			name = Release;
		};
		083C2AE72B9CE2C800EB4840 /* Debug */ = {
			isa = XCBuildConfiguration;
			buildSettings = {
				ALWAYS_EMBED_SWIFT_STANDARD_LIBRARIES = YES;
				BUNDLE_LOADER = "$(TEST_HOST)";
				CODE_SIGN_STYLE = Automatic;
				CURRENT_PROJECT_VERSION = 1;
				DEVELOPMENT_TEAM = 8L6HR8J2B8;
				GENERATE_INFOPLIST_FILE = YES;
				IPHONEOS_DEPLOYMENT_TARGET = 17.2;
				MARKETING_VERSION = 1.0;
				PRODUCT_BUNDLE_IDENTIFIER = "com.sunny-money.SUNNYTests";
				PRODUCT_NAME = "$(TARGET_NAME)";
				SWIFT_EMIT_LOC_STRINGS = NO;
				SWIFT_VERSION = 5.0;
				TARGETED_DEVICE_FAMILY = "1,2";
				TEST_HOST = "$(BUILT_PRODUCTS_DIR)/SUNNY.app/$(BUNDLE_EXECUTABLE_FOLDER_PATH)/SUNNY";
			};
			name = Debug;
		};
		083C2AE82B9CE2C800EB4840 /* Release */ = {
			isa = XCBuildConfiguration;
			buildSettings = {
				ALWAYS_EMBED_SWIFT_STANDARD_LIBRARIES = YES;
				BUNDLE_LOADER = "$(TEST_HOST)";
				CODE_SIGN_STYLE = Automatic;
				CURRENT_PROJECT_VERSION = 1;
				DEVELOPMENT_TEAM = 8L6HR8J2B8;
				GENERATE_INFOPLIST_FILE = YES;
				IPHONEOS_DEPLOYMENT_TARGET = 17.2;
				MARKETING_VERSION = 1.0;
				PRODUCT_BUNDLE_IDENTIFIER = "com.sunny-money.SUNNYTests";
				PRODUCT_NAME = "$(TARGET_NAME)";
				SWIFT_EMIT_LOC_STRINGS = NO;
				SWIFT_VERSION = 5.0;
				TARGETED_DEVICE_FAMILY = "1,2";
				TEST_HOST = "$(BUILT_PRODUCTS_DIR)/SUNNY.app/$(BUNDLE_EXECUTABLE_FOLDER_PATH)/SUNNY";
			};
			name = Release;
		};
		083C2AEA2B9CE2C800EB4840 /* Debug */ = {
			isa = XCBuildConfiguration;
			buildSettings = {
				ALWAYS_EMBED_SWIFT_STANDARD_LIBRARIES = YES;
				CODE_SIGN_STYLE = Automatic;
				CURRENT_PROJECT_VERSION = 1;
				DEVELOPMENT_TEAM = 8L6HR8J2B8;
				GENERATE_INFOPLIST_FILE = YES;
				MARKETING_VERSION = 1.0;
				PRODUCT_BUNDLE_IDENTIFIER = "com.sunny-money.SUNNYUITests";
				PRODUCT_NAME = "$(TARGET_NAME)";
				SWIFT_EMIT_LOC_STRINGS = NO;
				SWIFT_VERSION = 5.0;
				TARGETED_DEVICE_FAMILY = "1,2";
				TEST_TARGET_NAME = SUNNY;
			};
			name = Debug;
		};
		083C2AEB2B9CE2C800EB4840 /* Release */ = {
			isa = XCBuildConfiguration;
			buildSettings = {
				ALWAYS_EMBED_SWIFT_STANDARD_LIBRARIES = YES;
				CODE_SIGN_STYLE = Automatic;
				CURRENT_PROJECT_VERSION = 1;
				DEVELOPMENT_TEAM = 8L6HR8J2B8;
				GENERATE_INFOPLIST_FILE = YES;
				MARKETING_VERSION = 1.0;
				PRODUCT_BUNDLE_IDENTIFIER = "com.sunny-money.SUNNYUITests";
				PRODUCT_NAME = "$(TARGET_NAME)";
				SWIFT_EMIT_LOC_STRINGS = NO;
				SWIFT_VERSION = 5.0;
				TARGETED_DEVICE_FAMILY = "1,2";
				TEST_TARGET_NAME = SUNNY;
			};
			name = Release;
		};
/* End XCBuildConfiguration section */

/* Begin XCConfigurationList section */
		083C2ABA2B9CE2C600EB4840 /* Build configuration list for PBXProject "SUNNY" */ = {
			isa = XCConfigurationList;
			buildConfigurations = (
				083C2AE12B9CE2C800EB4840 /* Debug */,
				083C2AE22B9CE2C800EB4840 /* Release */,
			);
			defaultConfigurationIsVisible = 0;
			defaultConfigurationName = Release;
		};
		083C2AE32B9CE2C800EB4840 /* Build configuration list for PBXNativeTarget "SUNNY" */ = {
			isa = XCConfigurationList;
			buildConfigurations = (
				083C2AE42B9CE2C800EB4840 /* Debug */,
				083C2AE52B9CE2C800EB4840 /* Release */,
			);
			defaultConfigurationIsVisible = 0;
			defaultConfigurationName = Release;
		};
		083C2AE62B9CE2C800EB4840 /* Build configuration list for PBXNativeTarget "SUNNYTests" */ = {
			isa = XCConfigurationList;
			buildConfigurations = (
				083C2AE72B9CE2C800EB4840 /* Debug */,
				083C2AE82B9CE2C800EB4840 /* Release */,
			);
			defaultConfigurationIsVisible = 0;
			defaultConfigurationName = Release;
		};
		083C2AE92B9CE2C800EB4840 /* Build configuration list for PBXNativeTarget "SUNNYUITests" */ = {
			isa = XCConfigurationList;
			buildConfigurations = (
				083C2AEA2B9CE2C800EB4840 /* Debug */,
				083C2AEB2B9CE2C800EB4840 /* Release */,
			);
			defaultConfigurationIsVisible = 0;
			defaultConfigurationName = Release;
		};
/* End XCConfigurationList section */
	};
	rootObject = 083C2AB72B9CE2C600EB4840 /* Project object */;
}
